// !$*UTF8*$!
{
	archiveVersion = 1;
	classes = {
	};
	objectVersion = 51;
	objects = {

/* Begin PBXBuildFile section */
		1735029322EF2C260052F6F1 /* AppDelegate.swift in Sources */ = {isa = PBXBuildFile; fileRef = 1735029222EF2C260052F6F1 /* AppDelegate.swift */; };
		1735029522EF2C260052F6F1 /* ViewController.swift in Sources */ = {isa = PBXBuildFile; fileRef = 1735029422EF2C260052F6F1 /* ViewController.swift */; };
		1735029822EF2C260052F6F1 /* Main.storyboard in Resources */ = {isa = PBXBuildFile; fileRef = 1735029622EF2C260052F6F1 /* Main.storyboard */; };
		1735029A22EF2C280052F6F1 /* Assets.xcassets in Resources */ = {isa = PBXBuildFile; fileRef = 1735029922EF2C280052F6F1 /* Assets.xcassets */; };
		1735029D22EF2C280052F6F1 /* LaunchScreen.storyboard in Resources */ = {isa = PBXBuildFile; fileRef = 1735029B22EF2C280052F6F1 /* LaunchScreen.storyboard */; };
		173502A522EF2C460052F6F1 /* InvitationModel.swift in Sources */ = {isa = PBXBuildFile; fileRef = 173502A422EF2C460052F6F1 /* InvitationModel.swift */; };
		173502A722EF2E180052F6F1 /* InvitationsNotificationTableViewCell.swift in Sources */ = {isa = PBXBuildFile; fileRef = 173502A622EF2E180052F6F1 /* InvitationsNotificationTableViewCell.swift */; };
		173502A922EF49100052F6F1 /* CalendarEventsViewController.swift in Sources */ = {isa = PBXBuildFile; fileRef = 173502A822EF49100052F6F1 /* CalendarEventsViewController.swift */; };
		173502AB22EF518F0052F6F1 /* CommonData.swift in Sources */ = {isa = PBXBuildFile; fileRef = 173502AA22EF518F0052F6F1 /* CommonData.swift */; };
		173BFF8A22EFFF510037A11B /* EventsTableViewCell.swift in Sources */ = {isa = PBXBuildFile; fileRef = 173BFF8922EFFF510037A11B /* EventsTableViewCell.swift */; };
		173BFF8E22F00C740037A11B /* GoogleService-Info.plist in Resources */ = {isa = PBXBuildFile; fileRef = 173BFF8D22F00C740037A11B /* GoogleService-Info.plist */; };
		173BFF9122F045890037A11B /* Extension+Notification.swift in Sources */ = {isa = PBXBuildFile; fileRef = 173BFF9022F045890037A11B /* Extension+Notification.swift */; };
		D9272301CF9AA104F16D09FB /* Pods_CalendarInvitationPrototype.framework in Frameworks */ = {isa = PBXBuildFile; fileRef = D45083850F74F5D368899969 /* Pods_CalendarInvitationPrototype.framework */; };
/* End PBXBuildFile section */

/* Begin PBXFileReference section */
		1735028F22EF2C260052F6F1 /* CalendarInvitationPrototype.app */ = {isa = PBXFileReference; explicitFileType = wrapper.application; includeInIndex = 0; path = CalendarInvitationPrototype.app; sourceTree = BUILT_PRODUCTS_DIR; };
		1735029222EF2C260052F6F1 /* AppDelegate.swift */ = {isa = PBXFileReference; lastKnownFileType = sourcecode.swift; path = AppDelegate.swift; sourceTree = "<group>"; };
		1735029422EF2C260052F6F1 /* ViewController.swift */ = {isa = PBXFileReference; lastKnownFileType = sourcecode.swift; path = ViewController.swift; sourceTree = "<group>"; };
		1735029722EF2C260052F6F1 /* Base */ = {isa = PBXFileReference; lastKnownFileType = file.storyboard; name = Base; path = Base.lproj/Main.storyboard; sourceTree = "<group>"; };
		1735029922EF2C280052F6F1 /* Assets.xcassets */ = {isa = PBXFileReference; lastKnownFileType = folder.assetcatalog; path = Assets.xcassets; sourceTree = "<group>"; };
		1735029C22EF2C280052F6F1 /* Base */ = {isa = PBXFileReference; lastKnownFileType = file.storyboard; name = Base; path = Base.lproj/LaunchScreen.storyboard; sourceTree = "<group>"; };
		1735029E22EF2C280052F6F1 /* Info.plist */ = {isa = PBXFileReference; lastKnownFileType = text.plist.xml; path = Info.plist; sourceTree = "<group>"; };
		173502A422EF2C460052F6F1 /* InvitationModel.swift */ = {isa = PBXFileReference; lastKnownFileType = sourcecode.swift; path = InvitationModel.swift; sourceTree = "<group>"; };
		173502A622EF2E180052F6F1 /* InvitationsNotificationTableViewCell.swift */ = {isa = PBXFileReference; lastKnownFileType = sourcecode.swift; path = InvitationsNotificationTableViewCell.swift; sourceTree = "<group>"; };
		173502A822EF49100052F6F1 /* CalendarEventsViewController.swift */ = {isa = PBXFileReference; lastKnownFileType = sourcecode.swift; path = CalendarEventsViewController.swift; sourceTree = "<group>"; };
		173502AA22EF518F0052F6F1 /* CommonData.swift */ = {isa = PBXFileReference; lastKnownFileType = sourcecode.swift; path = CommonData.swift; sourceTree = "<group>"; };
		173BFF8922EFFF510037A11B /* EventsTableViewCell.swift */ = {isa = PBXFileReference; lastKnownFileType = sourcecode.swift; path = EventsTableViewCell.swift; sourceTree = "<group>"; };
		173BFF8D22F00C740037A11B /* GoogleService-Info.plist */ = {isa = PBXFileReference; fileEncoding = 4; lastKnownFileType = text.plist.xml; path = "GoogleService-Info.plist"; sourceTree = "<group>"; };
		173BFF8F22F011E40037A11B /* CalendarInvitationPrototype.entitlements */ = {isa = PBXFileReference; lastKnownFileType = text.plist.entitlements; path = CalendarInvitationPrototype.entitlements; sourceTree = "<group>"; };
		173BFF9022F045890037A11B /* Extension+Notification.swift */ = {isa = PBXFileReference; lastKnownFileType = sourcecode.swift; path = "Extension+Notification.swift"; sourceTree = "<group>"; };
		4463E533578932864BD799DD /* Pods-CalendarInvitationPrototype.debug.xcconfig */ = {isa = PBXFileReference; includeInIndex = 1; lastKnownFileType = text.xcconfig; name = "Pods-CalendarInvitationPrototype.debug.xcconfig"; path = "Target Support Files/Pods-CalendarInvitationPrototype/Pods-CalendarInvitationPrototype.debug.xcconfig"; sourceTree = "<group>"; };
		D03E7BEF5351B02F19059B2C /* Pods-CalendarInvitationPrototype.release.xcconfig */ = {isa = PBXFileReference; includeInIndex = 1; lastKnownFileType = text.xcconfig; name = "Pods-CalendarInvitationPrototype.release.xcconfig"; path = "Target Support Files/Pods-CalendarInvitationPrototype/Pods-CalendarInvitationPrototype.release.xcconfig"; sourceTree = "<group>"; };
		D45083850F74F5D368899969 /* Pods_CalendarInvitationPrototype.framework */ = {isa = PBXFileReference; explicitFileType = wrapper.framework; includeInIndex = 0; path = Pods_CalendarInvitationPrototype.framework; sourceTree = BUILT_PRODUCTS_DIR; };
/* End PBXFileReference section */

/* Begin PBXFrameworksBuildPhase section */
		1735028C22EF2C260052F6F1 /* Frameworks */ = {
			isa = PBXFrameworksBuildPhase;
			buildActionMask = 2147483647;
			files = (
				D9272301CF9AA104F16D09FB /* Pods_CalendarInvitationPrototype.framework in Frameworks */,
			);
			runOnlyForDeploymentPostprocessing = 0;
		};
/* End PBXFrameworksBuildPhase section */

/* Begin PBXGroup section */
		1735028622EF2C260052F6F1 = {
			isa = PBXGroup;
			children = (
				1735029122EF2C260052F6F1 /* CalendarInvitationPrototype */,
				1735029022EF2C260052F6F1 /* Products */,
				DA01730E456DF3CC0A1E4463 /* Pods */,
				27E0464F59309FD9D5B0A44A /* Frameworks */,
			);
			sourceTree = "<group>";
		};
		1735029022EF2C260052F6F1 /* Products */ = {
			isa = PBXGroup;
			children = (
				1735028F22EF2C260052F6F1 /* CalendarInvitationPrototype.app */,
			);
			name = Products;
			sourceTree = "<group>";
		};
		1735029122EF2C260052F6F1 /* CalendarInvitationPrototype */ = {
			isa = PBXGroup;
			children = (
				1754D41022F1517D00B58D89 /* Extensions */,
				1754D40F22F1516B00B58D89 /* CustomViews */,
				1754D40E22F1515100B58D89 /* ViewControllers */,
				1754D40D22F1513100B58D89 /* Resources */,
				1735029222EF2C260052F6F1 /* AppDelegate.swift */,
				1735029622EF2C260052F6F1 /* Main.storyboard */,
				1735029B22EF2C280052F6F1 /* LaunchScreen.storyboard */,
				173502A422EF2C460052F6F1 /* InvitationModel.swift */,
			);
			path = CalendarInvitationPrototype;
			sourceTree = "<group>";
		};
		1754D40D22F1513100B58D89 /* Resources */ = {
			isa = PBXGroup;
			children = (
				173502AA22EF518F0052F6F1 /* CommonData.swift */,
				173BFF8F22F011E40037A11B /* CalendarInvitationPrototype.entitlements */,
				173BFF8D22F00C740037A11B /* GoogleService-Info.plist */,
				1735029922EF2C280052F6F1 /* Assets.xcassets */,
				1735029E22EF2C280052F6F1 /* Info.plist */,
			);
			path = Resources;
			sourceTree = "<group>";
		};
		1754D40E22F1515100B58D89 /* ViewControllers */ = {
			isa = PBXGroup;
			children = (
				173502A822EF49100052F6F1 /* CalendarEventsViewController.swift */,
				1735029422EF2C260052F6F1 /* ViewController.swift */,
			);
			path = ViewControllers;
			sourceTree = "<group>";
		};
		1754D40F22F1516B00B58D89 /* CustomViews */ = {
			isa = PBXGroup;
			children = (
				173502A622EF2E180052F6F1 /* InvitationsNotificationTableViewCell.swift */,
				173BFF8922EFFF510037A11B /* EventsTableViewCell.swift */,
			);
			path = CustomViews;
			sourceTree = "<group>";
		};
		1754D41022F1517D00B58D89 /* Extensions */ = {
			isa = PBXGroup;
			children = (
				173BFF9022F045890037A11B /* Extension+Notification.swift */,
			);
			path = Extensions;
			sourceTree = "<group>";
		};
		27E0464F59309FD9D5B0A44A /* Frameworks */ = {
			isa = PBXGroup;
			children = (
				D45083850F74F5D368899969 /* Pods_CalendarInvitationPrototype.framework */,
			);
			name = Frameworks;
			sourceTree = "<group>";
		};
		DA01730E456DF3CC0A1E4463 /* Pods */ = {
			isa = PBXGroup;
			children = (
				4463E533578932864BD799DD /* Pods-CalendarInvitationPrototype.debug.xcconfig */,
				D03E7BEF5351B02F19059B2C /* Pods-CalendarInvitationPrototype.release.xcconfig */,
			);
			path = Pods;
			sourceTree = "<group>";
		};
/* End PBXGroup section */

/* Begin PBXNativeTarget section */
		1735028E22EF2C260052F6F1 /* CalendarInvitationPrototype */ = {
			isa = PBXNativeTarget;
			buildConfigurationList = 173502A122EF2C280052F6F1 /* Build configuration list for PBXNativeTarget "CalendarInvitationPrototype" */;
			buildPhases = (
				EBB6E0FB0FB128F7FD6793C7 /* [CP] Check Pods Manifest.lock */,
				1735028B22EF2C260052F6F1 /* Sources */,
				1735028C22EF2C260052F6F1 /* Frameworks */,
				1735028D22EF2C260052F6F1 /* Resources */,
				C46F86753AC056FE9EBA478C /* [CP] Embed Pods Frameworks */,
			);
			buildRules = (
			);
			dependencies = (
			);
			name = CalendarInvitationPrototype;
			productName = CalendarInvitationPrototype;
			productReference = 1735028F22EF2C260052F6F1 /* CalendarInvitationPrototype.app */;
			productType = "com.apple.product-type.application";
		};
/* End PBXNativeTarget section */

/* Begin PBXProject section */
		1735028722EF2C260052F6F1 /* Project object */ = {
			isa = PBXProject;
			attributes = {
				LastSwiftUpdateCheck = 1020;
				LastUpgradeCheck = 1020;
				ORGANIZATIONNAME = innovationm;
				TargetAttributes = {
					1735028E22EF2C260052F6F1 = {
						CreatedOnToolsVersion = 10.2.1;
						SystemCapabilities = {
							com.apple.BackgroundModes = {
								enabled = 1;
							};
							com.apple.Push = {
								enabled = 1;
							};
						};
					};
				};
			};
			buildConfigurationList = 1735028A22EF2C260052F6F1 /* Build configuration list for PBXProject "CalendarInvitationPrototype" */;
			compatibilityVersion = "Xcode 9.3";
			developmentRegion = en;
			hasScannedForEncodings = 0;
			knownRegions = (
				en,
				Base,
			);
			mainGroup = 1735028622EF2C260052F6F1;
			productRefGroup = 1735029022EF2C260052F6F1 /* Products */;
			projectDirPath = "";
			projectRoot = "";
			targets = (
				1735028E22EF2C260052F6F1 /* CalendarInvitationPrototype */,
			);
		};
/* End PBXProject section */

/* Begin PBXResourcesBuildPhase section */
		1735028D22EF2C260052F6F1 /* Resources */ = {
			isa = PBXResourcesBuildPhase;
			buildActionMask = 2147483647;
			files = (
				1735029D22EF2C280052F6F1 /* LaunchScreen.storyboard in Resources */,
				173BFF8E22F00C740037A11B /* GoogleService-Info.plist in Resources */,
				1735029A22EF2C280052F6F1 /* Assets.xcassets in Resources */,
				1735029822EF2C260052F6F1 /* Main.storyboard in Resources */,
			);
			runOnlyForDeploymentPostprocessing = 0;
		};
/* End PBXResourcesBuildPhase section */

/* Begin PBXShellScriptBuildPhase section */
		C46F86753AC056FE9EBA478C /* [CP] Embed Pods Frameworks */ = {
			isa = PBXShellScriptBuildPhase;
			buildActionMask = 2147483647;
			files = (
			);
			inputFileListPaths = (
				"${PODS_ROOT}/Target Support Files/Pods-CalendarInvitationPrototype/Pods-CalendarInvitationPrototype-frameworks-${CONFIGURATION}-input-files.xcfilelist",
			);
			name = "[CP] Embed Pods Frameworks";
			outputFileListPaths = (
				"${PODS_ROOT}/Target Support Files/Pods-CalendarInvitationPrototype/Pods-CalendarInvitationPrototype-frameworks-${CONFIGURATION}-output-files.xcfilelist",
			);
			runOnlyForDeploymentPostprocessing = 0;
			shellPath = /bin/sh;
			shellScript = "\"${PODS_ROOT}/Target Support Files/Pods-CalendarInvitationPrototype/Pods-CalendarInvitationPrototype-frameworks.sh\"\n";
			showEnvVarsInLog = 0;
		};
		EBB6E0FB0FB128F7FD6793C7 /* [CP] Check Pods Manifest.lock */ = {
			isa = PBXShellScriptBuildPhase;
			buildActionMask = 2147483647;
			files = (
			);
			inputFileListPaths = (
			);
			inputPaths = (
				"${PODS_PODFILE_DIR_PATH}/Podfile.lock",
				"${PODS_ROOT}/Manifest.lock",
			);
			name = "[CP] Check Pods Manifest.lock";
			outputFileListPaths = (
			);
			outputPaths = (
				"$(DERIVED_FILE_DIR)/Pods-CalendarInvitationPrototype-checkManifestLockResult.txt",
			);
			runOnlyForDeploymentPostprocessing = 0;
			shellPath = /bin/sh;
			shellScript = "diff \"${PODS_PODFILE_DIR_PATH}/Podfile.lock\" \"${PODS_ROOT}/Manifest.lock\" > /dev/null\nif [ $? != 0 ] ; then\n    # print error to STDERR\n    echo \"error: The sandbox is not in sync with the Podfile.lock. Run 'pod install' or update your CocoaPods installation.\" >&2\n    exit 1\nfi\n# This output is used by Xcode 'outputs' to avoid re-running this script phase.\necho \"SUCCESS\" > \"${SCRIPT_OUTPUT_FILE_0}\"\n";
			showEnvVarsInLog = 0;
		};
/* End PBXShellScriptBuildPhase section */

/* Begin PBXSourcesBuildPhase section */
		1735028B22EF2C260052F6F1 /* Sources */ = {
			isa = PBXSourcesBuildPhase;
			buildActionMask = 2147483647;
			files = (
				1735029522EF2C260052F6F1 /* ViewController.swift in Sources */,
				173BFF8A22EFFF510037A11B /* EventsTableViewCell.swift in Sources */,
				173502A522EF2C460052F6F1 /* InvitationModel.swift in Sources */,
				173502AB22EF518F0052F6F1 /* CommonData.swift in Sources */,
				1735029322EF2C260052F6F1 /* AppDelegate.swift in Sources */,
				173502A922EF49100052F6F1 /* CalendarEventsViewController.swift in Sources */,
				173BFF9122F045890037A11B /* Extension+Notification.swift in Sources */,
				173502A722EF2E180052F6F1 /* InvitationsNotificationTableViewCell.swift in Sources */,
			);
			runOnlyForDeploymentPostprocessing = 0;
		};
/* End PBXSourcesBuildPhase section */

/* Begin PBXVariantGroup section */
		1735029622EF2C260052F6F1 /* Main.storyboard */ = {
			isa = PBXVariantGroup;
			children = (
				1735029722EF2C260052F6F1 /* Base */,
			);
			name = Main.storyboard;
			sourceTree = "<group>";
		};
		1735029B22EF2C280052F6F1 /* LaunchScreen.storyboard */ = {
			isa = PBXVariantGroup;
			children = (
				1735029C22EF2C280052F6F1 /* Base */,
			);
			name = LaunchScreen.storyboard;
			sourceTree = "<group>";
		};
/* End PBXVariantGroup section */

/* Begin XCBuildConfiguration section */
		1735029F22EF2C280052F6F1 /* Debug */ = {
			isa = XCBuildConfiguration;
			buildSettings = {
				ALWAYS_SEARCH_USER_PATHS = NO;
				CLANG_ANALYZER_NONNULL = YES;
				CLANG_ANALYZER_NUMBER_OBJECT_CONVERSION = YES_AGGRESSIVE;
				CLANG_CXX_LANGUAGE_STANDARD = "gnu++14";
				CLANG_CXX_LIBRARY = "libc++";
				CLANG_ENABLE_MODULES = YES;
				CLANG_ENABLE_OBJC_ARC = YES;
				CLANG_ENABLE_OBJC_WEAK = YES;
				CLANG_WARN_BLOCK_CAPTURE_AUTORELEASING = YES;
				CLANG_WARN_BOOL_CONVERSION = YES;
				CLANG_WARN_COMMA = YES;
				CLANG_WARN_CONSTANT_CONVERSION = YES;
				CLANG_WARN_DEPRECATED_OBJC_IMPLEMENTATIONS = YES;
				CLANG_WARN_DIRECT_OBJC_ISA_USAGE = YES_ERROR;
				CLANG_WARN_DOCUMENTATION_COMMENTS = YES;
				CLANG_WARN_EMPTY_BODY = YES;
				CLANG_WARN_ENUM_CONVERSION = YES;
				CLANG_WARN_INFINITE_RECURSION = YES;
				CLANG_WARN_INT_CONVERSION = YES;
				CLANG_WARN_NON_LITERAL_NULL_CONVERSION = YES;
				CLANG_WARN_OBJC_IMPLICIT_RETAIN_SELF = YES;
				CLANG_WARN_OBJC_LITERAL_CONVERSION = YES;
				CLANG_WARN_OBJC_ROOT_CLASS = YES_ERROR;
				CLANG_WARN_RANGE_LOOP_ANALYSIS = YES;
				CLANG_WARN_STRICT_PROTOTYPES = YES;
				CLANG_WARN_SUSPICIOUS_MOVE = YES;
				CLANG_WARN_UNGUARDED_AVAILABILITY = YES_AGGRESSIVE;
				CLANG_WARN_UNREACHABLE_CODE = YES;
				CLANG_WARN__DUPLICATE_METHOD_MATCH = YES;
				CODE_SIGN_IDENTITY = "iPhone Developer";
				COPY_PHASE_STRIP = NO;
				DEBUG_INFORMATION_FORMAT = dwarf;
				ENABLE_STRICT_OBJC_MSGSEND = YES;
				ENABLE_TESTABILITY = YES;
				GCC_C_LANGUAGE_STANDARD = gnu11;
				GCC_DYNAMIC_NO_PIC = NO;
				GCC_NO_COMMON_BLOCKS = YES;
				GCC_OPTIMIZATION_LEVEL = 0;
				GCC_PREPROCESSOR_DEFINITIONS = (
					"DEBUG=1",
					"$(inherited)",
				);
				GCC_WARN_64_TO_32_BIT_CONVERSION = YES;
				GCC_WARN_ABOUT_RETURN_TYPE = YES_ERROR;
				GCC_WARN_UNDECLARED_SELECTOR = YES;
				GCC_WARN_UNINITIALIZED_AUTOS = YES_AGGRESSIVE;
				GCC_WARN_UNUSED_FUNCTION = YES;
				GCC_WARN_UNUSED_VARIABLE = YES;
				IPHONEOS_DEPLOYMENT_TARGET = 12.2;
				MTL_ENABLE_DEBUG_INFO = INCLUDE_SOURCE;
				MTL_FAST_MATH = YES;
				ONLY_ACTIVE_ARCH = YES;
				SDKROOT = iphoneos;
				SWIFT_ACTIVE_COMPILATION_CONDITIONS = DEBUG;
				SWIFT_OPTIMIZATION_LEVEL = "-Onone";
			};
			name = Debug;
		};
		173502A022EF2C280052F6F1 /* Release */ = {
			isa = XCBuildConfiguration;
			buildSettings = {
				ALWAYS_SEARCH_USER_PATHS = NO;
				CLANG_ANALYZER_NONNULL = YES;
				CLANG_ANALYZER_NUMBER_OBJECT_CONVERSION = YES_AGGRESSIVE;
				CLANG_CXX_LANGUAGE_STANDARD = "gnu++14";
				CLANG_CXX_LIBRARY = "libc++";
				CLANG_ENABLE_MODULES = YES;
				CLANG_ENABLE_OBJC_ARC = YES;
				CLANG_ENABLE_OBJC_WEAK = YES;
				CLANG_WARN_BLOCK_CAPTURE_AUTORELEASING = YES;
				CLANG_WARN_BOOL_CONVERSION = YES;
				CLANG_WARN_COMMA = YES;
				CLANG_WARN_CONSTANT_CONVERSION = YES;
				CLANG_WARN_DEPRECATED_OBJC_IMPLEMENTATIONS = YES;
				CLANG_WARN_DIRECT_OBJC_ISA_USAGE = YES_ERROR;
				CLANG_WARN_DOCUMENTATION_COMMENTS = YES;
				CLANG_WARN_EMPTY_BODY = YES;
				CLANG_WARN_ENUM_CONVERSION = YES;
				CLANG_WARN_INFINITE_RECURSION = YES;
				CLANG_WARN_INT_CONVERSION = YES;
				CLANG_WARN_NON_LITERAL_NULL_CONVERSION = YES;
				CLANG_WARN_OBJC_IMPLICIT_RETAIN_SELF = YES;
				CLANG_WARN_OBJC_LITERAL_CONVERSION = YES;
				CLANG_WARN_OBJC_ROOT_CLASS = YES_ERROR;
				CLANG_WARN_RANGE_LOOP_ANALYSIS = YES;
				CLANG_WARN_STRICT_PROTOTYPES = YES;
				CLANG_WARN_SUSPICIOUS_MOVE = YES;
				CLANG_WARN_UNGUARDED_AVAILABILITY = YES_AGGRESSIVE;
				CLANG_WARN_UNREACHABLE_CODE = YES;
				CLANG_WARN__DUPLICATE_METHOD_MATCH = YES;
				CODE_SIGN_IDENTITY = "iPhone Developer";
				COPY_PHASE_STRIP = NO;
				DEBUG_INFORMATION_FORMAT = "dwarf-with-dsym";
				ENABLE_NS_ASSERTIONS = NO;
				ENABLE_STRICT_OBJC_MSGSEND = YES;
				GCC_C_LANGUAGE_STANDARD = gnu11;
				GCC_NO_COMMON_BLOCKS = YES;
				GCC_WARN_64_TO_32_BIT_CONVERSION = YES;
				GCC_WARN_ABOUT_RETURN_TYPE = YES_ERROR;
				GCC_WARN_UNDECLARED_SELECTOR = YES;
				GCC_WARN_UNINITIALIZED_AUTOS = YES_AGGRESSIVE;
				GCC_WARN_UNUSED_FUNCTION = YES;
				GCC_WARN_UNUSED_VARIABLE = YES;
				IPHONEOS_DEPLOYMENT_TARGET = 12.2;
				MTL_ENABLE_DEBUG_INFO = NO;
				MTL_FAST_MATH = YES;
				SDKROOT = iphoneos;
				SWIFT_COMPILATION_MODE = wholemodule;
				SWIFT_OPTIMIZATION_LEVEL = "-O";
				VALIDATE_PRODUCT = YES;
			};
			name = Release;
		};
		173502A222EF2C280052F6F1 /* Debug */ = {
			isa = XCBuildConfiguration;
			baseConfigurationReference = 4463E533578932864BD799DD /* Pods-CalendarInvitationPrototype.debug.xcconfig */;
			buildSettings = {
				ASSETCATALOG_COMPILER_APPICON_NAME = AppIcon;
				CODE_SIGN_ENTITLEMENTS = CalendarInvitationPrototype/CalendarInvitationPrototype.entitlements;
				CODE_SIGN_STYLE = Automatic;
				DEVELOPMENT_TEAM = Y5WJ4B7E4Z;
				INFOPLIST_FILE = CalendarInvitationPrototype/Info.plist;
				LD_RUNPATH_SEARCH_PATHS = (
					"$(inherited)",
					"@executable_path/Frameworks",
				);
				PRODUCT_BUNDLE_IDENTIFIER = "com.innovationm.-";
				PRODUCT_NAME = "$(TARGET_NAME)";
				SWIFT_VERSION = 5.0;
				TARGETED_DEVICE_FAMILY = "1,2";
			};
			name = Debug;
		};
		173502A322EF2C280052F6F1 /* Release */ = {
			isa = XCBuildConfiguration;
			baseConfigurationReference = D03E7BEF5351B02F19059B2C /* Pods-CalendarInvitationPrototype.release.xcconfig */;
			buildSettings = {
				ASSETCATALOG_COMPILER_APPICON_NAME = AppIcon;
				CODE_SIGN_ENTITLEMENTS = CalendarInvitationPrototype/CalendarInvitationPrototype.entitlements;
				CODE_SIGN_STYLE = Automatic;
				DEVELOPMENT_TEAM = Y5WJ4B7E4Z;
				INFOPLIST_FILE = CalendarInvitationPrototype/Info.plist;
				LD_RUNPATH_SEARCH_PATHS = (
					"$(inherited)",
					"@executable_path/Frameworks",
				);
				PRODUCT_BUNDLE_IDENTIFIER = "com.innovationm.-";
				PRODUCT_NAME = "$(TARGET_NAME)";
				SWIFT_VERSION = 5.0;
				TARGETED_DEVICE_FAMILY = "1,2";
			};
			name = Release;
		};
/* End XCBuildConfiguration section */

/* Begin XCConfigurationList section */
		1735028A22EF2C260052F6F1 /* Build configuration list for PBXProject "CalendarInvitationPrototype" */ = {
			isa = XCConfigurationList;
			buildConfigurations = (
				1735029F22EF2C280052F6F1 /* Debug */,
				173502A022EF2C280052F6F1 /* Release */,
			);
			defaultConfigurationIsVisible = 0;
			defaultConfigurationName = Release;
		};
		173502A122EF2C280052F6F1 /* Build configuration list for PBXNativeTarget "CalendarInvitationPrototype" */ = {
			isa = XCConfigurationList;
			buildConfigurations = (
				173502A222EF2C280052F6F1 /* Debug */,
				173502A322EF2C280052F6F1 /* Release */,
			);
			defaultConfigurationIsVisible = 0;
			defaultConfigurationName = Release;
		};
/* End XCConfigurationList section */
	};
	rootObject = 1735028722EF2C260052F6F1 /* Project object */;
}
